// !$*UTF8*$!
{
	archiveVersion = 1;
	classes = {
	};
	objectVersion = 46;
	objects = {

/* Begin PBXAggregateTarget section */
		AB9612371ABA87BC00A145E1 /* Mogenerator */ = {
			isa = PBXAggregateTarget;
			buildConfigurationList = AB96123A1ABA87BC00A145E1 /* Build configuration list for PBXAggregateTarget "Mogenerator" */;
			buildPhases = (
				AB96123B1ABA880D00A145E1 /* ShellScript */,
			);
			dependencies = (
			);
			name = Mogenerator;
			productName = Mogenerator;
		};
/* End PBXAggregateTarget section */

/* Begin PBXBuildFile section */
		387CCB7C04B6F4F501ED0636 /* libPods-ReceiptJar.a in Frameworks */ = {isa = PBXBuildFile; fileRef = ABEFCF2769A143F725102BCC /* libPods-ReceiptJar.a */; };
		AB9612361ABA532900A145E1 /* ReceiptJar.xcdatamodeld in Sources */ = {isa = PBXBuildFile; fileRef = AB9612341ABA532900A145E1 /* ReceiptJar.xcdatamodeld */; };
		AB9612411ABA907A00A145E1 /* MYManagedObject.m in Sources */ = {isa = PBXBuildFile; fileRef = AB9612401ABA907A00A145E1 /* MYManagedObject.m */; };
		AB96124C1ABA9A2400A145E1 /* CDCategory.m in Sources */ = {isa = PBXBuildFile; fileRef = AB9612431ABA9A2400A145E1 /* CDCategory.m */; };
		AB96124D1ABA9A2400A145E1 /* CDDocument.m in Sources */ = {isa = PBXBuildFile; fileRef = AB9612451ABA9A2400A145E1 /* CDDocument.m */; };
		AB96124E1ABA9A2400A145E1 /* CDExpense.m in Sources */ = {isa = PBXBuildFile; fileRef = AB9612471ABA9A2400A145E1 /* CDExpense.m */; };
		AB96124F1ABA9A2400A145E1 /* CDGroup.m in Sources */ = {isa = PBXBuildFile; fileRef = AB9612491ABA9A2400A145E1 /* CDGroup.m */; };
		AB9612501ABA9A2400A145E1 /* CDReceipt.m in Sources */ = {isa = PBXBuildFile; fileRef = AB96124B1ABA9A2400A145E1 /* CDReceipt.m */; };
		AB96125B1ABA9A3E00A145E1 /* _CDCategory.m in Sources */ = {isa = PBXBuildFile; fileRef = AB9612521ABA9A3E00A145E1 /* _CDCategory.m */; };
		AB96125C1ABA9A3E00A145E1 /* _CDDocument.m in Sources */ = {isa = PBXBuildFile; fileRef = AB9612541ABA9A3E00A145E1 /* _CDDocument.m */; };
		AB96125D1ABA9A3E00A145E1 /* _CDExpense.m in Sources */ = {isa = PBXBuildFile; fileRef = AB9612561ABA9A3E00A145E1 /* _CDExpense.m */; };
		AB96125E1ABA9A3E00A145E1 /* _CDGroup.m in Sources */ = {isa = PBXBuildFile; fileRef = AB9612581ABA9A3E00A145E1 /* _CDGroup.m */; };
		AB96125F1ABA9A3E00A145E1 /* _CDReceipt.m in Sources */ = {isa = PBXBuildFile; fileRef = AB96125A1ABA9A3E00A145E1 /* _CDReceipt.m */; };
		AB9612641ABA9D7200A145E1 /* ExpenseTableViewController.m in Sources */ = {isa = PBXBuildFile; fileRef = AB9612621ABA9D7200A145E1 /* ExpenseTableViewController.m */; };
		AB9612651ABA9D7200A145E1 /* ExpenseTableViewController.xib in Resources */ = {isa = PBXBuildFile; fileRef = AB9612631ABA9D7200A145E1 /* ExpenseTableViewController.xib */; };
		ABB231711ABA49B500B5447D /* main.m in Sources */ = {isa = PBXBuildFile; fileRef = ABB231701ABA49B500B5447D /* main.m */; };
		ABB231741ABA49B500B5447D /* AppDelegate.m in Sources */ = {isa = PBXBuildFile; fileRef = ABB231731ABA49B500B5447D /* AppDelegate.m */; };
		ABB2317A1ABA49B500B5447D /* ViewController.m in Sources */ = {isa = PBXBuildFile; fileRef = ABB231791ABA49B500B5447D /* ViewController.m */; };
		ABB2317F1ABA49B500B5447D /* Images.xcassets in Resources */ = {isa = PBXBuildFile; fileRef = ABB2317E1ABA49B500B5447D /* Images.xcassets */; };
		ABB231821ABA49B500B5447D /* LaunchScreen.xib in Resources */ = {isa = PBXBuildFile; fileRef = ABB231801ABA49B500B5447D /* LaunchScreen.xib */; };
		ABB2318E1ABA49B600B5447D /* ReceiptJarTests.m in Sources */ = {isa = PBXBuildFile; fileRef = ABB2318D1ABA49B600B5447D /* ReceiptJarTests.m */; };
/* End PBXBuildFile section */

/* Begin PBXContainerItemProxy section */
		ABB231881ABA49B500B5447D /* PBXContainerItemProxy */ = {
			isa = PBXContainerItemProxy;
			containerPortal = ABB231631ABA49B500B5447D /* Project object */;
			proxyType = 1;
			remoteGlobalIDString = ABB2316A1ABA49B500B5447D;
			remoteInfo = ReceiptJar;
		};
/* End PBXContainerItemProxy section */

/* Begin PBXFileReference section */
		31F3CB15DDB3091CFA823AB7 /* Pods-ReceiptJar.release.xcconfig */ = {isa = PBXFileReference; includeInIndex = 1; lastKnownFileType = text.xcconfig; name = "Pods-ReceiptJar.release.xcconfig"; path = "Pods/Target Support Files/Pods-ReceiptJar/Pods-ReceiptJar.release.xcconfig"; sourceTree = "<group>"; };
		8356CE900105490FF7B41200 /* Pods-ReceiptJar.debug.xcconfig */ = {isa = PBXFileReference; includeInIndex = 1; lastKnownFileType = text.xcconfig; name = "Pods-ReceiptJar.debug.xcconfig"; path = "Pods/Target Support Files/Pods-ReceiptJar/Pods-ReceiptJar.debug.xcconfig"; sourceTree = "<group>"; };
		AB9612351ABA532900A145E1 /* ReceiptJar.xcdatamodel */ = {isa = PBXFileReference; lastKnownFileType = wrapper.xcdatamodel; path = ReceiptJar.xcdatamodel; sourceTree = "<group>"; };
		AB96123C1ABA8F9100A145E1 /* CoreDataEntityHeaders.h */ = {isa = PBXFileReference; fileEncoding = 4; lastKnownFileType = sourcecode.c.h; path = CoreDataEntityHeaders.h; sourceTree = "<group>"; };
		AB96123F1ABA907A00A145E1 /* MYManagedObject.h */ = {isa = PBXFileReference; fileEncoding = 4; lastKnownFileType = sourcecode.c.h; path = MYManagedObject.h; sourceTree = "<group>"; };
		AB9612401ABA907A00A145E1 /* MYManagedObject.m */ = {isa = PBXFileReference; fileEncoding = 4; lastKnownFileType = sourcecode.c.objc; path = MYManagedObject.m; sourceTree = "<group>"; };
		AB9612421ABA9A2400A145E1 /* CDCategory.h */ = {isa = PBXFileReference; fileEncoding = 4; lastKnownFileType = sourcecode.c.h; path = CDCategory.h; sourceTree = "<group>"; };
		AB9612431ABA9A2400A145E1 /* CDCategory.m */ = {isa = PBXFileReference; fileEncoding = 4; lastKnownFileType = sourcecode.c.objc; path = CDCategory.m; sourceTree = "<group>"; };
		AB9612441ABA9A2400A145E1 /* CDDocument.h */ = {isa = PBXFileReference; fileEncoding = 4; lastKnownFileType = sourcecode.c.h; path = CDDocument.h; sourceTree = "<group>"; };
		AB9612451ABA9A2400A145E1 /* CDDocument.m */ = {isa = PBXFileReference; fileEncoding = 4; lastKnownFileType = sourcecode.c.objc; path = CDDocument.m; sourceTree = "<group>"; };
		AB9612461ABA9A2400A145E1 /* CDExpense.h */ = {isa = PBXFileReference; fileEncoding = 4; lastKnownFileType = sourcecode.c.h; path = CDExpense.h; sourceTree = "<group>"; };
		AB9612471ABA9A2400A145E1 /* CDExpense.m */ = {isa = PBXFileReference; fileEncoding = 4; lastKnownFileType = sourcecode.c.objc; path = CDExpense.m; sourceTree = "<group>"; };
		AB9612481ABA9A2400A145E1 /* CDGroup.h */ = {isa = PBXFileReference; fileEncoding = 4; lastKnownFileType = sourcecode.c.h; path = CDGroup.h; sourceTree = "<group>"; };
		AB9612491ABA9A2400A145E1 /* CDGroup.m */ = {isa = PBXFileReference; fileEncoding = 4; lastKnownFileType = sourcecode.c.objc; path = CDGroup.m; sourceTree = "<group>"; };
		AB96124A1ABA9A2400A145E1 /* CDReceipt.h */ = {isa = PBXFileReference; fileEncoding = 4; lastKnownFileType = sourcecode.c.h; path = CDReceipt.h; sourceTree = "<group>"; };
		AB96124B1ABA9A2400A145E1 /* CDReceipt.m */ = {isa = PBXFileReference; fileEncoding = 4; lastKnownFileType = sourcecode.c.objc; path = CDReceipt.m; sourceTree = "<group>"; };
		AB9612511ABA9A3E00A145E1 /* _CDCategory.h */ = {isa = PBXFileReference; fileEncoding = 4; lastKnownFileType = sourcecode.c.h; path = _CDCategory.h; sourceTree = "<group>"; };
		AB9612521ABA9A3E00A145E1 /* _CDCategory.m */ = {isa = PBXFileReference; fileEncoding = 4; lastKnownFileType = sourcecode.c.objc; path = _CDCategory.m; sourceTree = "<group>"; };
		AB9612531ABA9A3E00A145E1 /* _CDDocument.h */ = {isa = PBXFileReference; fileEncoding = 4; lastKnownFileType = sourcecode.c.h; path = _CDDocument.h; sourceTree = "<group>"; };
		AB9612541ABA9A3E00A145E1 /* _CDDocument.m */ = {isa = PBXFileReference; fileEncoding = 4; lastKnownFileType = sourcecode.c.objc; path = _CDDocument.m; sourceTree = "<group>"; };
		AB9612551ABA9A3E00A145E1 /* _CDExpense.h */ = {isa = PBXFileReference; fileEncoding = 4; lastKnownFileType = sourcecode.c.h; path = _CDExpense.h; sourceTree = "<group>"; };
		AB9612561ABA9A3E00A145E1 /* _CDExpense.m */ = {isa = PBXFileReference; fileEncoding = 4; lastKnownFileType = sourcecode.c.objc; path = _CDExpense.m; sourceTree = "<group>"; };
		AB9612571ABA9A3E00A145E1 /* _CDGroup.h */ = {isa = PBXFileReference; fileEncoding = 4; lastKnownFileType = sourcecode.c.h; path = _CDGroup.h; sourceTree = "<group>"; };
		AB9612581ABA9A3E00A145E1 /* _CDGroup.m */ = {isa = PBXFileReference; fileEncoding = 4; lastKnownFileType = sourcecode.c.objc; path = _CDGroup.m; sourceTree = "<group>"; };
		AB9612591ABA9A3E00A145E1 /* _CDReceipt.h */ = {isa = PBXFileReference; fileEncoding = 4; lastKnownFileType = sourcecode.c.h; path = _CDReceipt.h; sourceTree = "<group>"; };
		AB96125A1ABA9A3E00A145E1 /* _CDReceipt.m */ = {isa = PBXFileReference; fileEncoding = 4; lastKnownFileType = sourcecode.c.objc; path = _CDReceipt.m; sourceTree = "<group>"; };
		AB9612611ABA9D7200A145E1 /* ExpenseTableViewController.h */ = {isa = PBXFileReference; fileEncoding = 4; lastKnownFileType = sourcecode.c.h; path = ExpenseTableViewController.h; sourceTree = "<group>"; };
		AB9612621ABA9D7200A145E1 /* ExpenseTableViewController.m */ = {isa = PBXFileReference; fileEncoding = 4; lastKnownFileType = sourcecode.c.objc; path = ExpenseTableViewController.m; sourceTree = "<group>"; };
		AB9612631ABA9D7200A145E1 /* ExpenseTableViewController.xib */ = {isa = PBXFileReference; fileEncoding = 4; lastKnownFileType = file.xib; path = ExpenseTableViewController.xib; sourceTree = "<group>"; };
		ABB2316B1ABA49B500B5447D /* ReceiptJar.app */ = {isa = PBXFileReference; explicitFileType = wrapper.application; includeInIndex = 0; path = ReceiptJar.app; sourceTree = BUILT_PRODUCTS_DIR; };
		ABB2316F1ABA49B500B5447D /* Info.plist */ = {isa = PBXFileReference; lastKnownFileType = text.plist.xml; path = Info.plist; sourceTree = "<group>"; };
		ABB231701ABA49B500B5447D /* main.m */ = {isa = PBXFileReference; lastKnownFileType = sourcecode.c.objc; path = main.m; sourceTree = "<group>"; };
		ABB231721ABA49B500B5447D /* AppDelegate.h */ = {isa = PBXFileReference; lastKnownFileType = sourcecode.c.h; path = AppDelegate.h; sourceTree = "<group>"; };
		ABB231731ABA49B500B5447D /* AppDelegate.m */ = {isa = PBXFileReference; lastKnownFileType = sourcecode.c.objc; path = AppDelegate.m; sourceTree = "<group>"; };
		ABB231781ABA49B500B5447D /* ViewController.h */ = {isa = PBXFileReference; lastKnownFileType = sourcecode.c.h; path = ViewController.h; sourceTree = "<group>"; };
		ABB231791ABA49B500B5447D /* ViewController.m */ = {isa = PBXFileReference; lastKnownFileType = sourcecode.c.objc; path = ViewController.m; sourceTree = "<group>"; };
		ABB2317E1ABA49B500B5447D /* Images.xcassets */ = {isa = PBXFileReference; lastKnownFileType = folder.assetcatalog; path = Images.xcassets; sourceTree = "<group>"; };
		ABB231811ABA49B500B5447D /* Base */ = {isa = PBXFileReference; lastKnownFileType = file.xib; name = Base; path = Base.lproj/LaunchScreen.xib; sourceTree = "<group>"; };
		ABB231871ABA49B500B5447D /* ReceiptJarTests.xctest */ = {isa = PBXFileReference; explicitFileType = wrapper.cfbundle; includeInIndex = 0; path = ReceiptJarTests.xctest; sourceTree = BUILT_PRODUCTS_DIR; };
		ABB2318C1ABA49B600B5447D /* Info.plist */ = {isa = PBXFileReference; lastKnownFileType = text.plist.xml; path = Info.plist; sourceTree = "<group>"; };
		ABB2318D1ABA49B600B5447D /* ReceiptJarTests.m */ = {isa = PBXFileReference; lastKnownFileType = sourcecode.c.objc; path = ReceiptJarTests.m; sourceTree = "<group>"; };
		ABEFCF2769A143F725102BCC /* libPods-ReceiptJar.a */ = {isa = PBXFileReference; explicitFileType = archive.ar; includeInIndex = 0; path = "libPods-ReceiptJar.a"; sourceTree = BUILT_PRODUCTS_DIR; };
/* End PBXFileReference section */

/* Begin PBXFrameworksBuildPhase section */
		ABB231681ABA49B500B5447D /* Frameworks */ = {
			isa = PBXFrameworksBuildPhase;
			buildActionMask = 2147483647;
			files = (
				387CCB7C04B6F4F501ED0636 /* libPods-ReceiptJar.a in Frameworks */,
			);
			runOnlyForDeploymentPostprocessing = 0;
		};
		ABB231841ABA49B500B5447D /* Frameworks */ = {
			isa = PBXFrameworksBuildPhase;
			buildActionMask = 2147483647;
			files = (
			);
			runOnlyForDeploymentPostprocessing = 0;
		};
/* End PBXFrameworksBuildPhase section */

/* Begin PBXGroup section */
		AB9612331ABA532900A145E1 /* DataModel */ = {
			isa = PBXGroup;
			children = (
				AB9612341ABA532900A145E1 /* ReceiptJar.xcdatamodeld */,
				AB96123C1ABA8F9100A145E1 /* CoreDataEntityHeaders.h */,
				AB96123F1ABA907A00A145E1 /* MYManagedObject.h */,
				AB9612401ABA907A00A145E1 /* MYManagedObject.m */,
				AB96123D1ABA8F9100A145E1 /* HumanFiles */,
				AB96123E1ABA8F9100A145E1 /* MachineFiles */,
			);
			path = DataModel;
			sourceTree = "<group>";
		};
		AB96123D1ABA8F9100A145E1 /* HumanFiles */ = {
			isa = PBXGroup;
			children = (
				AB9612421ABA9A2400A145E1 /* CDCategory.h */,
				AB9612431ABA9A2400A145E1 /* CDCategory.m */,
				AB9612441ABA9A2400A145E1 /* CDDocument.h */,
				AB9612451ABA9A2400A145E1 /* CDDocument.m */,
				AB9612461ABA9A2400A145E1 /* CDExpense.h */,
				AB9612471ABA9A2400A145E1 /* CDExpense.m */,
				AB9612481ABA9A2400A145E1 /* CDGroup.h */,
				AB9612491ABA9A2400A145E1 /* CDGroup.m */,
				AB96124A1ABA9A2400A145E1 /* CDReceipt.h */,
				AB96124B1ABA9A2400A145E1 /* CDReceipt.m */,
			);
			path = HumanFiles;
			sourceTree = "<group>";
		};
		AB96123E1ABA8F9100A145E1 /* MachineFiles */ = {
			isa = PBXGroup;
			children = (
				AB9612511ABA9A3E00A145E1 /* _CDCategory.h */,
				AB9612521ABA9A3E00A145E1 /* _CDCategory.m */,
				AB9612531ABA9A3E00A145E1 /* _CDDocument.h */,
				AB9612541ABA9A3E00A145E1 /* _CDDocument.m */,
				AB9612551ABA9A3E00A145E1 /* _CDExpense.h */,
				AB9612561ABA9A3E00A145E1 /* _CDExpense.m */,
				AB9612571ABA9A3E00A145E1 /* _CDGroup.h */,
				AB9612581ABA9A3E00A145E1 /* _CDGroup.m */,
				AB9612591ABA9A3E00A145E1 /* _CDReceipt.h */,
				AB96125A1ABA9A3E00A145E1 /* _CDReceipt.m */,
			);
			path = MachineFiles;
			sourceTree = "<group>";
		};
		AB9612601ABA9D5000A145E1 /* ExpenseViewController */ = {
			isa = PBXGroup;
			children = (
				AB9612611ABA9D7200A145E1 /* ExpenseTableViewController.h */,
				AB9612621ABA9D7200A145E1 /* ExpenseTableViewController.m */,
				AB9612631ABA9D7200A145E1 /* ExpenseTableViewController.xib */,
			);
			path = ExpenseViewController;
			sourceTree = "<group>";
		};
		ABB231621ABA49B500B5447D = {
			isa = PBXGroup;
			children = (
				ABB2316D1ABA49B500B5447D /* ReceiptJar */,
				ABB2318A1ABA49B500B5447D /* ReceiptJarTests */,
				ABB2316C1ABA49B500B5447D /* Products */,
				D8446A1CEAAB9517E810E4D1 /* Pods */,
				B45808E83FF722FDA6C0F65D /* Frameworks */,
			);
			sourceTree = "<group>";
		};
		ABB2316C1ABA49B500B5447D /* Products */ = {
			isa = PBXGroup;
			children = (
				ABB2316B1ABA49B500B5447D /* ReceiptJar.app */,
				ABB231871ABA49B500B5447D /* ReceiptJarTests.xctest */,
			);
			name = Products;
			sourceTree = "<group>";
		};
		ABB2316D1ABA49B500B5447D /* ReceiptJar */ = {
			isa = PBXGroup;
			children = (
				AB9612601ABA9D5000A145E1 /* ExpenseViewController */,
				AB9612331ABA532900A145E1 /* DataModel */,
				ABB231721ABA49B500B5447D /* AppDelegate.h */,
				ABB231731ABA49B500B5447D /* AppDelegate.m */,
				ABB231781ABA49B500B5447D /* ViewController.h */,
				ABB231791ABA49B500B5447D /* ViewController.m */,
				ABB2317E1ABA49B500B5447D /* Images.xcassets */,
				ABB231801ABA49B500B5447D /* LaunchScreen.xib */,
				ABB2316E1ABA49B500B5447D /* Supporting Files */,
			);
			path = ReceiptJar;
			sourceTree = "<group>";
		};
		ABB2316E1ABA49B500B5447D /* Supporting Files */ = {
			isa = PBXGroup;
			children = (
				ABB2316F1ABA49B500B5447D /* Info.plist */,
				ABB231701ABA49B500B5447D /* main.m */,
			);
			name = "Supporting Files";
			sourceTree = "<group>";
		};
		ABB2318A1ABA49B500B5447D /* ReceiptJarTests */ = {
			isa = PBXGroup;
			children = (
				ABB2318D1ABA49B600B5447D /* ReceiptJarTests.m */,
				ABB2318B1ABA49B600B5447D /* Supporting Files */,
			);
			path = ReceiptJarTests;
			sourceTree = "<group>";
		};
		ABB2318B1ABA49B600B5447D /* Supporting Files */ = {
			isa = PBXGroup;
			children = (
				ABB2318C1ABA49B600B5447D /* Info.plist */,
			);
			name = "Supporting Files";
			sourceTree = "<group>";
		};
		B45808E83FF722FDA6C0F65D /* Frameworks */ = {
			isa = PBXGroup;
			children = (
				ABEFCF2769A143F725102BCC /* libPods-ReceiptJar.a */,
			);
			name = Frameworks;
			sourceTree = "<group>";
		};
		D8446A1CEAAB9517E810E4D1 /* Pods */ = {
			isa = PBXGroup;
			children = (
				8356CE900105490FF7B41200 /* Pods-ReceiptJar.debug.xcconfig */,
				31F3CB15DDB3091CFA823AB7 /* Pods-ReceiptJar.release.xcconfig */,
			);
			name = Pods;
			sourceTree = "<group>";
		};
/* End PBXGroup section */

/* Begin PBXNativeTarget section */
		ABB2316A1ABA49B500B5447D /* ReceiptJar */ = {
			isa = PBXNativeTarget;
			buildConfigurationList = ABB231911ABA49B600B5447D /* Build configuration list for PBXNativeTarget "ReceiptJar" */;
			buildPhases = (
				39C2D2EAF27842DD023F4609 /* Check Pods Manifest.lock */,
				ABB231671ABA49B500B5447D /* Sources */,
				ABB231681ABA49B500B5447D /* Frameworks */,
				ABB231691ABA49B500B5447D /* Resources */,
				D77C4D7861E7435056935D7E /* Copy Pods Resources */,
			);
			buildRules = (
			);
			dependencies = (
			);
			name = ReceiptJar;
			productName = ReceiptJar;
			productReference = ABB2316B1ABA49B500B5447D /* ReceiptJar.app */;
			productType = "com.apple.product-type.application";
		};
		ABB231861ABA49B500B5447D /* ReceiptJarTests */ = {
			isa = PBXNativeTarget;
			buildConfigurationList = ABB231941ABA49B600B5447D /* Build configuration list for PBXNativeTarget "ReceiptJarTests" */;
			buildPhases = (
				ABB231831ABA49B500B5447D /* Sources */,
				ABB231841ABA49B500B5447D /* Frameworks */,
				ABB231851ABA49B500B5447D /* Resources */,
			);
			buildRules = (
			);
			dependencies = (
				ABB231891ABA49B500B5447D /* PBXTargetDependency */,
			);
			name = ReceiptJarTests;
			productName = ReceiptJarTests;
			productReference = ABB231871ABA49B500B5447D /* ReceiptJarTests.xctest */;
			productType = "com.apple.product-type.bundle.unit-test";
		};
/* End PBXNativeTarget section */

/* Begin PBXProject section */
		ABB231631ABA49B500B5447D /* Project object */ = {
			isa = PBXProject;
			attributes = {
				LastUpgradeCheck = 0620;
				ORGANIZATIONNAME = funkytonic;
				TargetAttributes = {
					AB9612371ABA87BC00A145E1 = {
						CreatedOnToolsVersion = 6.2;
					};
					ABB2316A1ABA49B500B5447D = {
						CreatedOnToolsVersion = 6.2;
						DevelopmentTeam = 5P2S2MGCFY;
					};
					ABB231861ABA49B500B5447D = {
						CreatedOnToolsVersion = 6.2;
						TestTargetID = ABB2316A1ABA49B500B5447D;
					};
				};
			};
			buildConfigurationList = ABB231661ABA49B500B5447D /* Build configuration list for PBXProject "ReceiptJar" */;
			compatibilityVersion = "Xcode 3.2";
			developmentRegion = English;
			hasScannedForEncodings = 0;
			knownRegions = (
				en,
				Base,
			);
			mainGroup = ABB231621ABA49B500B5447D;
			productRefGroup = ABB2316C1ABA49B500B5447D /* Products */;
			projectDirPath = "";
			projectRoot = "";
			targets = (
				ABB2316A1ABA49B500B5447D /* ReceiptJar */,
				ABB231861ABA49B500B5447D /* ReceiptJarTests */,
				AB9612371ABA87BC00A145E1 /* Mogenerator */,
			);
		};
/* End PBXProject section */

/* Begin PBXResourcesBuildPhase section */
		ABB231691ABA49B500B5447D /* Resources */ = {
			isa = PBXResourcesBuildPhase;
			buildActionMask = 2147483647;
			files = (
				ABB231821ABA49B500B5447D /* LaunchScreen.xib in Resources */,
				ABB2317F1ABA49B500B5447D /* Images.xcassets in Resources */,
				AB9612651ABA9D7200A145E1 /* ExpenseTableViewController.xib in Resources */,
			);
			runOnlyForDeploymentPostprocessing = 0;
		};
		ABB231851ABA49B500B5447D /* Resources */ = {
			isa = PBXResourcesBuildPhase;
			buildActionMask = 2147483647;
			files = (
			);
			runOnlyForDeploymentPostprocessing = 0;
		};
/* End PBXResourcesBuildPhase section */

/* Begin PBXShellScriptBuildPhase section */
		39C2D2EAF27842DD023F4609 /* Check Pods Manifest.lock */ = {
			isa = PBXShellScriptBuildPhase;
			buildActionMask = 2147483647;
			files = (
			);
			inputPaths = (
			);
			name = "Check Pods Manifest.lock";
			outputPaths = (
			);
			runOnlyForDeploymentPostprocessing = 0;
			shellPath = /bin/sh;
			shellScript = "diff \"${PODS_ROOT}/../Podfile.lock\" \"${PODS_ROOT}/Manifest.lock\" > /dev/null\nif [[ $? != 0 ]] ; then\n    cat << EOM\nerror: The sandbox is not in sync with the Podfile.lock. Run 'pod install' or update your CocoaPods installation.\nEOM\n    exit 1\nfi\n";
			showEnvVarsInLog = 0;
		};
		AB96123B1ABA880D00A145E1 /* ShellScript */ = {
			isa = PBXShellScriptBuildPhase;
			buildActionMask = 2147483647;
			files = (
			);
			inputPaths = (
			);
			outputPaths = (
			);
			runOnlyForDeploymentPostprocessing = 0;
			shellPath = /bin/sh;
			shellScript = "/usr/local/bin/mogenerator -m ${PROJECT_NAME}/DataModel/${PROJECT_NAME}.xcdatamodeld/${PROJECT_NAME}.xcdatamodel -O ${PROJECT_NAME}/DataModel -M ${PROJECT_NAME}/DataModel/MachineFiles -H ${PROJECT_NAME}/DataModel/HumanFiles --template-var scalars=false --template-var arc=true --base-class MYManagedObject\n\nprintf '#ifndef _CoreDataHeader_h\\n#define _CoreDataHeader_h\\n\\n' > ${PROJECT_NAME}/DataModel/CoreDataEntityHeaders.h\nprintf '#import \\\"%s\\\"\\n' $(cd ${PROJECT_NAME}/DataModel/HumanFiles && ls -1 *.h) >> ${PROJECT_NAME}/DataModel/CoreDataEntityHeaders.h\nprintf '\\n#endif\\n' >> ${PROJECT_NAME}/DataModel/CoreDataEntityHeaders.h";
		};
		D77C4D7861E7435056935D7E /* Copy Pods Resources */ = {
			isa = PBXShellScriptBuildPhase;
			buildActionMask = 2147483647;
			files = (
			);
			inputPaths = (
			);
			name = "Copy Pods Resources";
			outputPaths = (
			);
			runOnlyForDeploymentPostprocessing = 0;
			shellPath = /bin/sh;
			shellScript = "\"${SRCROOT}/Pods/Target Support Files/Pods-ReceiptJar/Pods-ReceiptJar-resources.sh\"\n";
			showEnvVarsInLog = 0;
		};
/* End PBXShellScriptBuildPhase section */

/* Begin PBXSourcesBuildPhase section */
		ABB231671ABA49B500B5447D /* Sources */ = {
			isa = PBXSourcesBuildPhase;
			buildActionMask = 2147483647;
			files = (
				AB96124C1ABA9A2400A145E1 /* CDCategory.m in Sources */,
				AB96125B1ABA9A3E00A145E1 /* _CDCategory.m in Sources */,
				AB96125D1ABA9A3E00A145E1 /* _CDExpense.m in Sources */,
				AB9612361ABA532900A145E1 /* ReceiptJar.xcdatamodeld in Sources */,
				ABB231741ABA49B500B5447D /* AppDelegate.m in Sources */,
				AB9612501ABA9A2400A145E1 /* CDReceipt.m in Sources */,
				AB9612641ABA9D7200A145E1 /* ExpenseTableViewController.m in Sources */,
				AB96125F1ABA9A3E00A145E1 /* _CDReceipt.m in Sources */,
				AB96124F1ABA9A2400A145E1 /* CDGroup.m in Sources */,
				AB96124D1ABA9A2400A145E1 /* CDDocument.m in Sources */,
				ABB231711ABA49B500B5447D /* main.m in Sources */,
				AB96124E1ABA9A2400A145E1 /* CDExpense.m in Sources */,
				AB96125E1ABA9A3E00A145E1 /* _CDGroup.m in Sources */,
				AB96125C1ABA9A3E00A145E1 /* _CDDocument.m in Sources */,
				ABB2317A1ABA49B500B5447D /* ViewController.m in Sources */,
				AB9612411ABA907A00A145E1 /* MYManagedObject.m in Sources */,
			);
			runOnlyForDeploymentPostprocessing = 0;
		};
		ABB231831ABA49B500B5447D /* Sources */ = {
			isa = PBXSourcesBuildPhase;
			buildActionMask = 2147483647;
			files = (
				ABB2318E1ABA49B600B5447D /* ReceiptJarTests.m in Sources */,
			);
			runOnlyForDeploymentPostprocessing = 0;
		};
/* End PBXSourcesBuildPhase section */

/* Begin PBXTargetDependency section */
		ABB231891ABA49B500B5447D /* PBXTargetDependency */ = {
			isa = PBXTargetDependency;
			target = ABB2316A1ABA49B500B5447D /* ReceiptJar */;
			targetProxy = ABB231881ABA49B500B5447D /* PBXContainerItemProxy */;
		};
/* End PBXTargetDependency section */

/* Begin PBXVariantGroup section */
		ABB231801ABA49B500B5447D /* LaunchScreen.xib */ = {
			isa = PBXVariantGroup;
			children = (
				ABB231811ABA49B500B5447D /* Base */,
			);
			name = LaunchScreen.xib;
			sourceTree = "<group>";
		};
/* End PBXVariantGroup section */

/* Begin XCBuildConfiguration section */
		AB9612381ABA87BC00A145E1 /* Debug */ = {
			isa = XCBuildConfiguration;
			buildSettings = {
				PRODUCT_NAME = "$(TARGET_NAME)";
			};
			name = Debug;
		};
		AB9612391ABA87BC00A145E1 /* Release */ = {
			isa = XCBuildConfiguration;
			buildSettings = {
				PRODUCT_NAME = "$(TARGET_NAME)";
			};
			name = Release;
		};
		ABB2318F1ABA49B600B5447D /* Debug */ = {
			isa = XCBuildConfiguration;
			buildSettings = {
				ALWAYS_SEARCH_USER_PATHS = NO;
				CLANG_CXX_LANGUAGE_STANDARD = "gnu++0x";
				CLANG_CXX_LIBRARY = "libc++";
				CLANG_ENABLE_MODULES = YES;
				CLANG_ENABLE_OBJC_ARC = YES;
				CLANG_WARN_BOOL_CONVERSION = YES;
				CLANG_WARN_CONSTANT_CONVERSION = YES;
				CLANG_WARN_DIRECT_OBJC_ISA_USAGE = YES_ERROR;
				CLANG_WARN_EMPTY_BODY = YES;
				CLANG_WARN_ENUM_CONVERSION = YES;
				CLANG_WARN_INT_CONVERSION = YES;
				CLANG_WARN_OBJC_ROOT_CLASS = YES_ERROR;
				CLANG_WARN_UNREACHABLE_CODE = YES;
				CLANG_WARN__DUPLICATE_METHOD_MATCH = YES;
				"CODE_SIGN_IDENTITY[sdk=iphoneos*]" = "iPhone Developer";
				COPY_PHASE_STRIP = NO;
				ENABLE_STRICT_OBJC_MSGSEND = YES;
				GCC_C_LANGUAGE_STANDARD = gnu99;
				GCC_DYNAMIC_NO_PIC = NO;
				GCC_OPTIMIZATION_LEVEL = 0;
				GCC_PREPROCESSOR_DEFINITIONS = (
					"DEBUG=1",
					"$(inherited)",
				);
				GCC_SYMBOLS_PRIVATE_EXTERN = NO;
				GCC_WARN_64_TO_32_BIT_CONVERSION = YES;
				GCC_WARN_ABOUT_RETURN_TYPE = YES_ERROR;
				GCC_WARN_UNDECLARED_SELECTOR = YES;
				GCC_WARN_UNINITIALIZED_AUTOS = YES_AGGRESSIVE;
				GCC_WARN_UNUSED_FUNCTION = YES;
				GCC_WARN_UNUSED_VARIABLE = YES;
				IPHONEOS_DEPLOYMENT_TARGET = 8.2;
				MTL_ENABLE_DEBUG_INFO = YES;
				ONLY_ACTIVE_ARCH = YES;
				SDKROOT = iphoneos;
			};
			name = Debug;
		};
		ABB231901ABA49B600B5447D /* Release */ = {
			isa = XCBuildConfiguration;
			buildSettings = {
				ALWAYS_SEARCH_USER_PATHS = NO;
				CLANG_CXX_LANGUAGE_STANDARD = "gnu++0x";
				CLANG_CXX_LIBRARY = "libc++";
				CLANG_ENABLE_MODULES = YES;
				CLANG_ENABLE_OBJC_ARC = YES;
				CLANG_WARN_BOOL_CONVERSION = YES;
				CLANG_WARN_CONSTANT_CONVERSION = YES;
				CLANG_WARN_DIRECT_OBJC_ISA_USAGE = YES_ERROR;
				CLANG_WARN_EMPTY_BODY = YES;
				CLANG_WARN_ENUM_CONVERSION = YES;
				CLANG_WARN_INT_CONVERSION = YES;
				CLANG_WARN_OBJC_ROOT_CLASS = YES_ERROR;
				CLANG_WARN_UNREACHABLE_CODE = YES;
				CLANG_WARN__DUPLICATE_METHOD_MATCH = YES;
				"CODE_SIGN_IDENTITY[sdk=iphoneos*]" = "iPhone Developer";
				COPY_PHASE_STRIP = NO;
				ENABLE_NS_ASSERTIONS = NO;
				ENABLE_STRICT_OBJC_MSGSEND = YES;
				GCC_C_LANGUAGE_STANDARD = gnu99;
				GCC_WARN_64_TO_32_BIT_CONVERSION = YES;
				GCC_WARN_ABOUT_RETURN_TYPE = YES_ERROR;
				GCC_WARN_UNDECLARED_SELECTOR = YES;
				GCC_WARN_UNINITIALIZED_AUTOS = YES_AGGRESSIVE;
				GCC_WARN_UNUSED_FUNCTION = YES;
				GCC_WARN_UNUSED_VARIABLE = YES;
				IPHONEOS_DEPLOYMENT_TARGET = 8.2;
				MTL_ENABLE_DEBUG_INFO = NO;
				SDKROOT = iphoneos;
				VALIDATE_PRODUCT = YES;
			};
			name = Release;
		};
		ABB231921ABA49B600B5447D /* Debug */ = {
			isa = XCBuildConfiguration;
			baseConfigurationReference = 8356CE900105490FF7B41200 /* Pods-ReceiptJar.debug.xcconfig */;
			buildSettings = {
				ASSETCATALOG_COMPILER_APPICON_NAME = AppIcon;
				CODE_SIGN_IDENTITY = "iPhone Developer";
				INFOPLIST_FILE = ReceiptJar/Info.plist;
				LD_RUNPATH_SEARCH_PATHS = "$(inherited) @executable_path/Frameworks";
				PRODUCT_NAME = "$(TARGET_NAME)";
			};
			name = Debug;
		};
		ABB231931ABA49B600B5447D /* Release */ = {
			isa = XCBuildConfiguration;
			baseConfigurationReference = 31F3CB15DDB3091CFA823AB7 /* Pods-ReceiptJar.release.xcconfig */;
			buildSettings = {
				ASSETCATALOG_COMPILER_APPICON_NAME = AppIcon;
				CODE_SIGN_IDENTITY = "iPhone Developer";
				INFOPLIST_FILE = ReceiptJar/Info.plist;
				LD_RUNPATH_SEARCH_PATHS = "$(inherited) @executable_path/Frameworks";
				PRODUCT_NAME = "$(TARGET_NAME)";
			};
			name = Release;
		};
		ABB231951ABA49B600B5447D /* Debug */ = {
			isa = XCBuildConfiguration;
			buildSettings = {
				BUNDLE_LOADER = "$(TEST_HOST)";
				FRAMEWORK_SEARCH_PATHS = (
					"$(SDKROOT)/Developer/Library/Frameworks",
					"$(inherited)",
				);
				GCC_PREPROCESSOR_DEFINITIONS = (
					"DEBUG=1",
					"$(inherited)",
				);
				INFOPLIST_FILE = ReceiptJarTests/Info.plist;
				LD_RUNPATH_SEARCH_PATHS = "$(inherited) @executable_path/Frameworks @loader_path/Frameworks";
				PRODUCT_NAME = "$(TARGET_NAME)";
				TEST_HOST = "$(BUILT_PRODUCTS_DIR)/ReceiptJar.app/ReceiptJar";
			};
			name = Debug;
		};
		ABB231961ABA49B600B5447D /* Release */ = {
			isa = XCBuildConfiguration;
			buildSettings = {
				BUNDLE_LOADER = "$(TEST_HOST)";
				FRAMEWORK_SEARCH_PATHS = (
					"$(SDKROOT)/Developer/Library/Frameworks",
					"$(inherited)",
				);
				INFOPLIST_FILE = ReceiptJarTests/Info.plist;
				LD_RUNPATH_SEARCH_PATHS = "$(inherited) @executable_path/Frameworks @loader_path/Frameworks";
				PRODUCT_NAME = "$(TARGET_NAME)";
				TEST_HOST = "$(BUILT_PRODUCTS_DIR)/ReceiptJar.app/ReceiptJar";
			};
			name = Release;
		};
/* End XCBuildConfiguration section */

/* Begin XCConfigurationList section */
		AB96123A1ABA87BC00A145E1 /* Build configuration list for PBXAggregateTarget "Mogenerator" */ = {
			isa = XCConfigurationList;
			buildConfigurations = (
				AB9612381ABA87BC00A145E1 /* Debug */,
				AB9612391ABA87BC00A145E1 /* Release */,
			);
			defaultConfigurationIsVisible = 0;
		};
		ABB231661ABA49B500B5447D /* Build configuration list for PBXProject "ReceiptJar" */ = {
			isa = XCConfigurationList;
			buildConfigurations = (
				ABB2318F1ABA49B600B5447D /* Debug */,
				ABB231901ABA49B600B5447D /* Release */,
			);
			defaultConfigurationIsVisible = 0;
			defaultConfigurationName = Release;
		};
		ABB231911ABA49B600B5447D /* Build configuration list for PBXNativeTarget "ReceiptJar" */ = {
			isa = XCConfigurationList;
			buildConfigurations = (
				ABB231921ABA49B600B5447D /* Debug */,
				ABB231931ABA49B600B5447D /* Release */,
			);
			defaultConfigurationIsVisible = 0;
			defaultConfigurationName = Release;
		};
		ABB231941ABA49B600B5447D /* Build configuration list for PBXNativeTarget "ReceiptJarTests" */ = {
			isa = XCConfigurationList;
			buildConfigurations = (
				ABB231951ABA49B600B5447D /* Debug */,
				ABB231961ABA49B600B5447D /* Release */,
			);
			defaultConfigurationIsVisible = 0;
			defaultConfigurationName = Release;
		};
/* End XCConfigurationList section */

/* Begin XCVersionGroup section */
		AB9612341ABA532900A145E1 /* ReceiptJar.xcdatamodeld */ = {
			isa = XCVersionGroup;
			children = (
				AB9612351ABA532900A145E1 /* ReceiptJar.xcdatamodel */,
			);
			currentVersion = AB9612351ABA532900A145E1 /* ReceiptJar.xcdatamodel */;
			path = ReceiptJar.xcdatamodeld;
			sourceTree = "<group>";
			versionGroupType = wrapper.xcdatamodel;
		};
/* End XCVersionGroup section */
	};
	rootObject = ABB231631ABA49B500B5447D /* Project object */;
}
